
Microsoft Visual Studio Solution File, Format Version 12.00
# Visual Studio Version 17
VisualStudioVersion = 17.9.34902.65
MinimumVisualStudioVersion = 10.0.40219.1
Project("{FAE04EC0-301F-11D3-BF4B-00C04F79EFBC}") = "WinFormsApp1", "WinFormsApp1\WinFormsApp1.csproj", "{CA0812EF-179A-452A-8F85-79922BC9825E}"
EndProject
Global
	GlobalSection(SolutionConfigurationPlatforms) = preSolution
		Debug|Any CPU = Debug|Any CPU
		Release|Any CPU = Release|Any CPU
	EndGlobalSection
	GlobalSection(ProjectConfigurationPlatforms) = postSolution
		{CA0812EF-179A-452A-8F85-79922BC9825E}.Debug|Any CPU.ActiveCfg = Debug|Any CPU
		{CA0812EF-179A-452A-8F85-79922BC9825E}.Debug|Any CPU.Build.0 = Debug|Any CPU
		{CA0812EF-179A-452A-8F85-79922BC9825E}.Release|Any CPU.ActiveCfg = Release|Any CPU
		{CA0812EF-179A-452A-8F85-79922BC9825E}.Release|Any CPU.Build.0 = Release|Any CPU
	EndGlobalSection
	GlobalSection(SolutionProperties) = preSolution
		HideSolutionNode = FALSE
	EndGlobalSection
	GlobalSection(ExtensibilityGlobals) = postSolution
		SolutionGuid = {4095DEF5-B066-49A8-B4DE-E16F8B3D1631}
	EndGlobalSection
EndGlobal
